[{<<"cowboy">>,
  {git,"https://github.com/ninenines/cowboy.git",
       {ref,"edea415da87d7f6fe9f4fcd4306ce3e7e38727ed"}},
  0},
 {<<"cowlib">>,
  {git,"https://github.com/ninenines/cowlib",
       {ref,"c6553f8308a2ca5dcd69d845f0a7d098c40c3363"}},
  1},
 {<<"gun">>,
  {git,"https://github.com/ninenines/gun.git",
       {ref,"74ac4d209c86f64059b1eaa0e541eb7d26dd23a8"}},
  0},
 {<<"jsone">>,
  {git,"https://github.com/sile/jsone.git",
       {ref,"2ebbe2361d19af3cc4c94b7345972710aec4fbda"}},
  0},
 {<<"ranch">>,
  {git,"https://github.com/ninenines/ranch",
       {ref,"3190aef88aea04d6dce8545fe9b4574288903f44"}},
  1}].
